
Microsoft Visual Studio Solution File, Format Version 12.00
# Visual Studio Version 16
VisualStudioVersion = 16.0.31025.194
MinimumVisualStudioVersion = 10.0.40219.1
Project("{FAE04EC0-301F-11D3-BF4B-00C04F79EFBC}") = "Golf", "Golf.csproj", "{407AADA7-F566-4D0A-A639-A3CB296ED244}"
EndProject
Global
	GlobalSection(SolutionConfigurationPlatforms) = preSolution
		Debug|Any CPU = Debug|Any CPU
		Release|Any CPU = Release|Any CPU
	EndGlobalSection
	GlobalSection(ProjectConfigurationPlatforms) = postSolution
		{407AADA7-F566-4D0A-A639-A3CB296ED244}.Debug|Any CPU.ActiveCfg = Debug|Any CPU
		{407AADA7-F566-4D0A-A639-A3CB296ED244}.Debug|Any CPU.Build.0 = Debug|Any CPU
		{407AADA7-F566-4D0A-A639-A3CB296ED244}.Release|Any CPU.ActiveCfg = Release|Any CPU
		{407AADA7-F566-4D0A-A639-A3CB296ED244}.Release|Any CPU.Build.0 = Release|Any CPU
	EndGlobalSection
	GlobalSection(SolutionProperties) = preSolution
		HideSolutionNode = FALSE
	EndGlobalSection
	GlobalSection(ExtensibilityGlobals) = postSolution
		SolutionGuid = {CDF60346-E96C-4BA4-B139-28BA2B1741A3}
	EndGlobalSection
EndGlobal
